// !$*UTF8*$!
{
	archiveVersion = 1;
	classes = {
	};
	objectVersion = 50;
	objects = {

/* Begin PBXBuildFile section */
		911EEC86218A9FAD00A90989 /* Future.swift in Sources */ = {isa = PBXBuildFile; fileRef = 911EEC85218A9FAD00A90989 /* Future.swift */; };
		911EEC87218A9FAD00A90989 /* Future.swift in Sources */ = {isa = PBXBuildFile; fileRef = 911EEC85218A9FAD00A90989 /* Future.swift */; };
		911EEC89218AA60B00A90989 /* AsyncDispatchWorkItem.swift in Sources */ = {isa = PBXBuildFile; fileRef = 911EEC88218AA60B00A90989 /* AsyncDispatchWorkItem.swift */; };
		911EEC8A218AA60B00A90989 /* AsyncDispatchWorkItem.swift in Sources */ = {isa = PBXBuildFile; fileRef = 911EEC88218AA60B00A90989 /* AsyncDispatchWorkItem.swift */; };
		91BA1D45218949250021140D /* main.swift in Sources */ = {isa = PBXBuildFile; fileRef = 91BA1D44218949250021140D /* main.swift */; };
		91BA1D52218949440021140D /* AsyncCancellationTest.swift in Sources */ = {isa = PBXBuildFile; fileRef = 91BA1D51218949440021140D /* AsyncCancellationTest.swift */; };
		91BA1D5B2189498C0021140D /* AsyncAwait.swift in Sources */ = {isa = PBXBuildFile; fileRef = 91BA1D572189498C0021140D /* AsyncAwait.swift */; };
		91BA1D5C2189498C0021140D /* AsyncAwait.swift in Sources */ = {isa = PBXBuildFile; fileRef = 91BA1D572189498C0021140D /* AsyncAwait.swift */; };
		91BA1D5D2189498C0021140D /* AsyncURLSession.swift in Sources */ = {isa = PBXBuildFile; fileRef = 91BA1D582189498C0021140D /* AsyncURLSession.swift */; };
		91BA1D5E2189498C0021140D /* AsyncURLSession.swift in Sources */ = {isa = PBXBuildFile; fileRef = 91BA1D582189498C0021140D /* AsyncURLSession.swift */; };
		91BA1D5F2189498C0021140D /* AsyncTask.swift in Sources */ = {isa = PBXBuildFile; fileRef = 91BA1D592189498C0021140D /* AsyncTask.swift */; };
		91BA1D602189498C0021140D /* AsyncTask.swift in Sources */ = {isa = PBXBuildFile; fileRef = 91BA1D592189498C0021140D /* AsyncTask.swift */; };
		91BA1D612189498C0021140D /* Threadly.swift in Sources */ = {isa = PBXBuildFile; fileRef = 91BA1D5A2189498C0021140D /* Threadly.swift */; };
		91BA1D622189498C0021140D /* Threadly.swift in Sources */ = {isa = PBXBuildFile; fileRef = 91BA1D5A2189498C0021140D /* Threadly.swift */; };
/* End PBXBuildFile section */

/* Begin PBXCopyFilesBuildPhase section */
		91BA1D3F218949250021140D /* CopyFiles */ = {
			isa = PBXCopyFilesBuildPhase;
			buildActionMask = 2147483647;
			dstPath = /usr/share/man/man1/;
			dstSubfolderSpec = 0;
			files = (
			);
			runOnlyForDeploymentPostprocessing = 1;
		};
/* End PBXCopyFilesBuildPhase section */

/* Begin PBXFileReference section */
		911EEC85218A9FAD00A90989 /* Future.swift */ = {isa = PBXFileReference; lastKnownFileType = sourcecode.swift; path = Future.swift; sourceTree = "<group>"; };
		911EEC88218AA60B00A90989 /* AsyncDispatchWorkItem.swift */ = {isa = PBXFileReference; lastKnownFileType = sourcecode.swift; path = AsyncDispatchWorkItem.swift; sourceTree = "<group>"; };
		91BA1D41218949250021140D /* AsyncCancellation */ = {isa = PBXFileReference; explicitFileType = "compiled.mach-o.executable"; includeInIndex = 0; path = AsyncCancellation; sourceTree = BUILT_PRODUCTS_DIR; };
		91BA1D44218949250021140D /* main.swift */ = {isa = PBXFileReference; lastKnownFileType = sourcecode.swift; path = main.swift; sourceTree = "<group>"; };
		91BA1D4F218949440021140D /* AsyncCancellationTest.xctest */ = {isa = PBXFileReference; explicitFileType = wrapper.cfbundle; includeInIndex = 0; path = AsyncCancellationTest.xctest; sourceTree = BUILT_PRODUCTS_DIR; };
		91BA1D51218949440021140D /* AsyncCancellationTest.swift */ = {isa = PBXFileReference; lastKnownFileType = sourcecode.swift; path = AsyncCancellationTest.swift; sourceTree = "<group>"; };
		91BA1D53218949440021140D /* Info.plist */ = {isa = PBXFileReference; lastKnownFileType = text.plist.xml; path = Info.plist; sourceTree = "<group>"; };
		91BA1D572189498C0021140D /* AsyncAwait.swift */ = {isa = PBXFileReference; fileEncoding = 4; lastKnownFileType = sourcecode.swift; path = AsyncAwait.swift; sourceTree = "<group>"; };
		91BA1D582189498C0021140D /* AsyncURLSession.swift */ = {isa = PBXFileReference; fileEncoding = 4; lastKnownFileType = sourcecode.swift; path = AsyncURLSession.swift; sourceTree = "<group>"; };
		91BA1D592189498C0021140D /* AsyncTask.swift */ = {isa = PBXFileReference; fileEncoding = 4; lastKnownFileType = sourcecode.swift; path = AsyncTask.swift; sourceTree = "<group>"; };
		91BA1D5A2189498C0021140D /* Threadly.swift */ = {isa = PBXFileReference; fileEncoding = 4; lastKnownFileType = sourcecode.swift; path = Threadly.swift; sourceTree = "<group>"; };
		91BA1D63218970E00021140D /* README.md */ = {isa = PBXFileReference; fileEncoding = 4; lastKnownFileType = net.daringfireball.markdown; path = README.md; sourceTree = "<group>"; };
/* End PBXFileReference section */

/* Begin PBXFrameworksBuildPhase section */
		91BA1D3E218949250021140D /* Frameworks */ = {
			isa = PBXFrameworksBuildPhase;
			buildActionMask = 2147483647;
			files = (
			);
			runOnlyForDeploymentPostprocessing = 0;
		};
		91BA1D4C218949440021140D /* Frameworks */ = {
			isa = PBXFrameworksBuildPhase;
			buildActionMask = 2147483647;
			files = (
			);
			runOnlyForDeploymentPostprocessing = 0;
		};
/* End PBXFrameworksBuildPhase section */

/* Begin PBXGroup section */
		91BA1D38218949250021140D = {
			isa = PBXGroup;
			children = (
				91BA1D63218970E00021140D /* README.md */,
				91BA1D43218949250021140D /* Source */,
				91BA1D50218949440021140D /* Test */,
				91BA1D42218949250021140D /* Products */,
			);
			sourceTree = "<group>";
		};
		91BA1D42218949250021140D /* Products */ = {
			isa = PBXGroup;
			children = (
				91BA1D41218949250021140D /* AsyncCancellation */,
				91BA1D4F218949440021140D /* AsyncCancellationTest.xctest */,
			);
			name = Products;
			sourceTree = "<group>";
		};
		91BA1D43218949250021140D /* Source */ = {
			isa = PBXGroup;
			children = (
				91BA1D44218949250021140D /* main.swift */,
				91BA1D592189498C0021140D /* AsyncTask.swift */,
				91BA1D572189498C0021140D /* AsyncAwait.swift */,
				911EEC88218AA60B00A90989 /* AsyncDispatchWorkItem.swift */,
				91BA1D582189498C0021140D /* AsyncURLSession.swift */,
				911EEC85218A9FAD00A90989 /* Future.swift */,
				91BA1D5A2189498C0021140D /* Threadly.swift */,
			);
			path = Source;
			sourceTree = "<group>";
		};
		91BA1D50218949440021140D /* Test */ = {
			isa = PBXGroup;
			children = (
				91BA1D51218949440021140D /* AsyncCancellationTest.swift */,
				91BA1D53218949440021140D /* Info.plist */,
			);
			path = Test;
			sourceTree = "<group>";
		};
/* End PBXGroup section */

/* Begin PBXNativeTarget section */
		91BA1D40218949250021140D /* AsyncCancellation */ = {
			isa = PBXNativeTarget;
			buildConfigurationList = 91BA1D48218949250021140D /* Build configuration list for PBXNativeTarget "AsyncCancellation" */;
			buildPhases = (
				91BA1D3D218949250021140D /* Sources */,
				91BA1D3E218949250021140D /* Frameworks */,
				91BA1D3F218949250021140D /* CopyFiles */,
			);
			buildRules = (
			);
			dependencies = (
			);
			name = AsyncCancellation;
			productName = AsyncCancellation;
			productReference = 91BA1D41218949250021140D /* AsyncCancellation */;
			productType = "com.apple.product-type.tool";
		};
		91BA1D4E218949440021140D /* AsyncCancellationTest */ = {
			isa = PBXNativeTarget;
			buildConfigurationList = 91BA1D54218949440021140D /* Build configuration list for PBXNativeTarget "AsyncCancellationTest" */;
			buildPhases = (
				91BA1D4B218949440021140D /* Sources */,
				91BA1D4C218949440021140D /* Frameworks */,
				91BA1D4D218949440021140D /* Resources */,
			);
			buildRules = (
			);
			dependencies = (
			);
			name = AsyncCancellationTest;
			productName = AsyncCancellationTest;
			productReference = 91BA1D4F218949440021140D /* AsyncCancellationTest.xctest */;
			productType = "com.apple.product-type.bundle.unit-test";
		};
/* End PBXNativeTarget section */

/* Begin PBXProject section */
		91BA1D39218949250021140D /* Project object */ = {
			isa = PBXProject;
			attributes = {
				LastSwiftUpdateCheck = 1000;
				LastUpgradeCheck = 1000;
				ORGANIZATIONNAME = Doug;
				TargetAttributes = {
					91BA1D40218949250021140D = {
						CreatedOnToolsVersion = 10.0;
					};
					91BA1D4E218949440021140D = {
						CreatedOnToolsVersion = 10.0;
					};
				};
			};
			buildConfigurationList = 91BA1D3C218949250021140D /* Build configuration list for PBXProject "AsyncCancellation" */;
			compatibilityVersion = "Xcode 9.3";
			developmentRegion = en;
			hasScannedForEncodings = 0;
			knownRegions = (
				en,
			);
			mainGroup = 91BA1D38218949250021140D;
			productRefGroup = 91BA1D42218949250021140D /* Products */;
			projectDirPath = "";
			projectRoot = "";
			targets = (
				91BA1D40218949250021140D /* AsyncCancellation */,
				91BA1D4E218949440021140D /* AsyncCancellationTest */,
			);
		};
/* End PBXProject section */

/* Begin PBXResourcesBuildPhase section */
		91BA1D4D218949440021140D /* Resources */ = {
			isa = PBXResourcesBuildPhase;
			buildActionMask = 2147483647;
			files = (
			);
			runOnlyForDeploymentPostprocessing = 0;
		};
/* End PBXResourcesBuildPhase section */

/* Begin PBXSourcesBuildPhase section */
		91BA1D3D218949250021140D /* Sources */ = {
			isa = PBXSourcesBuildPhase;
			buildActionMask = 2147483647;
			files = (
				911EEC89218AA60B00A90989 /* AsyncDispatchWorkItem.swift in Sources */,
				911EEC86218A9FAD00A90989 /* Future.swift in Sources */,
				91BA1D45218949250021140D /* main.swift in Sources */,
				91BA1D612189498C0021140D /* Threadly.swift in Sources */,
				91BA1D5B2189498C0021140D /* AsyncAwait.swift in Sources */,
				91BA1D5D2189498C0021140D /* AsyncURLSession.swift in Sources */,
				91BA1D5F2189498C0021140D /* AsyncTask.swift in Sources */,
			);
			runOnlyForDeploymentPostprocessing = 0;
		};
		91BA1D4B218949440021140D /* Sources */ = {
			isa = PBXSourcesBuildPhase;
			buildActionMask = 2147483647;
			files = (
				911EEC8A218AA60B00A90989 /* AsyncDispatchWorkItem.swift in Sources */,
				911EEC87218A9FAD00A90989 /* Future.swift in Sources */,
				91BA1D52218949440021140D /* AsyncCancellationTest.swift in Sources */,
				91BA1D622189498C0021140D /* Threadly.swift in Sources */,
				91BA1D5C2189498C0021140D /* AsyncAwait.swift in Sources */,
				91BA1D5E2189498C0021140D /* AsyncURLSession.swift in Sources */,
				91BA1D602189498C0021140D /* AsyncTask.swift in Sources */,
			);
			runOnlyForDeploymentPostprocessing = 0;
		};
/* End PBXSourcesBuildPhase section */

/* Begin XCBuildConfiguration section */
		91BA1D46218949250021140D /* Debug */ = {
			isa = XCBuildConfiguration;
			buildSettings = {
				ALWAYS_SEARCH_USER_PATHS = NO;
				CLANG_ANALYZER_NONNULL = YES;
				CLANG_ANALYZER_NUMBER_OBJECT_CONVERSION = YES_AGGRESSIVE;
				CLANG_CXX_LANGUAGE_STANDARD = "gnu++14";
				CLANG_CXX_LIBRARY = "libc++";
				CLANG_ENABLE_MODULES = YES;
				CLANG_ENABLE_OBJC_ARC = YES;
				CLANG_ENABLE_OBJC_WEAK = YES;
				CLANG_WARN_BLOCK_CAPTURE_AUTORELEASING = YES;
				CLANG_WARN_BOOL_CONVERSION = YES;
				CLANG_WARN_COMMA = YES;
				CLANG_WARN_CONSTANT_CONVERSION = YES;
				CLANG_WARN_DEPRECATED_OBJC_IMPLEMENTATIONS = YES;
				CLANG_WARN_DIRECT_OBJC_ISA_USAGE = YES_ERROR;
				CLANG_WARN_DOCUMENTATION_COMMENTS = YES;
				CLANG_WARN_EMPTY_BODY = YES;
				CLANG_WARN_ENUM_CONVERSION = YES;
				CLANG_WARN_INFINITE_RECURSION = YES;
				CLANG_WARN_INT_CONVERSION = YES;
				CLANG_WARN_NON_LITERAL_NULL_CONVERSION = YES;
				CLANG_WARN_OBJC_IMPLICIT_RETAIN_SELF = YES;
				CLANG_WARN_OBJC_LITERAL_CONVERSION = YES;
				CLANG_WARN_OBJC_ROOT_CLASS = YES_ERROR;
				CLANG_WARN_RANGE_LOOP_ANALYSIS = YES;
				CLANG_WARN_STRICT_PROTOTYPES = YES;
				CLANG_WARN_SUSPICIOUS_MOVE = YES;
				CLANG_WARN_UNGUARDED_AVAILABILITY = YES_AGGRESSIVE;
				CLANG_WARN_UNREACHABLE_CODE = YES;
				CLANG_WARN__DUPLICATE_METHOD_MATCH = YES;
				CODE_SIGN_IDENTITY = "-";
				COPY_PHASE_STRIP = NO;
				DEBUG_INFORMATION_FORMAT = dwarf;
				ENABLE_STRICT_OBJC_MSGSEND = YES;
				ENABLE_TESTABILITY = YES;
				GCC_C_LANGUAGE_STANDARD = gnu11;
				GCC_DYNAMIC_NO_PIC = NO;
				GCC_NO_COMMON_BLOCKS = YES;
				GCC_OPTIMIZATION_LEVEL = 0;
				GCC_PREPROCESSOR_DEFINITIONS = (
					"DEBUG=1",
					"$(inherited)",
				);
				GCC_WARN_64_TO_32_BIT_CONVERSION = YES;
				GCC_WARN_ABOUT_RETURN_TYPE = YES_ERROR;
				GCC_WARN_UNDECLARED_SELECTOR = YES;
				GCC_WARN_UNINITIALIZED_AUTOS = YES_AGGRESSIVE;
				GCC_WARN_UNUSED_FUNCTION = YES;
				GCC_WARN_UNUSED_VARIABLE = YES;
				MACOSX_DEPLOYMENT_TARGET = 10.14;
				MTL_ENABLE_DEBUG_INFO = INCLUDE_SOURCE;
				MTL_FAST_MATH = YES;
				ONLY_ACTIVE_ARCH = YES;
				SDKROOT = macosx;
				SWIFT_ACTIVE_COMPILATION_CONDITIONS = DEBUG;
				SWIFT_OPTIMIZATION_LEVEL = "-Onone";
			};
			name = Debug;
		};
		91BA1D47218949250021140D /* Release */ = {
			isa = XCBuildConfiguration;
			buildSettings = {
				ALWAYS_SEARCH_USER_PATHS = NO;
				CLANG_ANALYZER_NONNULL = YES;
				CLANG_ANALYZER_NUMBER_OBJECT_CONVERSION = YES_AGGRESSIVE;
				CLANG_CXX_LANGUAGE_STANDARD = "gnu++14";
				CLANG_CXX_LIBRARY = "libc++";
				CLANG_ENABLE_MODULES = YES;
				CLANG_ENABLE_OBJC_ARC = YES;
				CLANG_ENABLE_OBJC_WEAK = YES;
				CLANG_WARN_BLOCK_CAPTURE_AUTORELEASING = YES;
				CLANG_WARN_BOOL_CONVERSION = YES;
				CLANG_WARN_COMMA = YES;
				CLANG_WARN_CONSTANT_CONVERSION = YES;
				CLANG_WARN_DEPRECATED_OBJC_IMPLEMENTATIONS = YES;
				CLANG_WARN_DIRECT_OBJC_ISA_USAGE = YES_ERROR;
				CLANG_WARN_DOCUMENTATION_COMMENTS = YES;
				CLANG_WARN_EMPTY_BODY = YES;
				CLANG_WARN_ENUM_CONVERSION = YES;
				CLANG_WARN_INFINITE_RECURSION = YES;
				CLANG_WARN_INT_CONVERSION = YES;
				CLANG_WARN_NON_LITERAL_NULL_CONVERSION = YES;
				CLANG_WARN_OBJC_IMPLICIT_RETAIN_SELF = YES;
				CLANG_WARN_OBJC_LITERAL_CONVERSION = YES;
				CLANG_WARN_OBJC_ROOT_CLASS = YES_ERROR;
				CLANG_WARN_RANGE_LOOP_ANALYSIS = YES;
				CLANG_WARN_STRICT_PROTOTYPES = YES;
				CLANG_WARN_SUSPICIOUS_MOVE = YES;
				CLANG_WARN_UNGUARDED_AVAILABILITY = YES_AGGRESSIVE;
				CLANG_WARN_UNREACHABLE_CODE = YES;
				CLANG_WARN__DUPLICATE_METHOD_MATCH = YES;
				CODE_SIGN_IDENTITY = "-";
				COPY_PHASE_STRIP = NO;
				DEBUG_INFORMATION_FORMAT = "dwarf-with-dsym";
				ENABLE_NS_ASSERTIONS = NO;
				ENABLE_STRICT_OBJC_MSGSEND = YES;
				GCC_C_LANGUAGE_STANDARD = gnu11;
				GCC_NO_COMMON_BLOCKS = YES;
				GCC_WARN_64_TO_32_BIT_CONVERSION = YES;
				GCC_WARN_ABOUT_RETURN_TYPE = YES_ERROR;
				GCC_WARN_UNDECLARED_SELECTOR = YES;
				GCC_WARN_UNINITIALIZED_AUTOS = YES_AGGRESSIVE;
				GCC_WARN_UNUSED_FUNCTION = YES;
				GCC_WARN_UNUSED_VARIABLE = YES;
				MACOSX_DEPLOYMENT_TARGET = 10.14;
				MTL_ENABLE_DEBUG_INFO = NO;
				MTL_FAST_MATH = YES;
				SDKROOT = macosx;
				SWIFT_COMPILATION_MODE = wholemodule;
				SWIFT_OPTIMIZATION_LEVEL = "-O";
			};
			name = Release;
		};
		91BA1D49218949250021140D /* Debug */ = {
			isa = XCBuildConfiguration;
			buildSettings = {
				CODE_SIGN_STYLE = Automatic;
				PRODUCT_NAME = "$(TARGET_NAME)";
				SWIFT_VERSION = 4.2;
			};
			name = Debug;
		};
		91BA1D4A218949250021140D /* Release */ = {
			isa = XCBuildConfiguration;
			buildSettings = {
				CODE_SIGN_STYLE = Automatic;
				PRODUCT_NAME = "$(TARGET_NAME)";
				SWIFT_VERSION = 4.2;
			};
			name = Release;
		};
		91BA1D55218949440021140D /* Debug */ = {
			isa = XCBuildConfiguration;
			buildSettings = {
				CODE_SIGN_STYLE = Automatic;
				COMBINE_HIDPI_IMAGES = YES;
				INFOPLIST_FILE = Test/Info.plist;
				LD_RUNPATH_SEARCH_PATHS = (
					"$(inherited)",
					"@executable_path/../Frameworks",
					"@loader_path/../Frameworks",
				);
				PRODUCT_BUNDLE_IDENTIFIER = com.doug.AsyncCancellationTest;
				PRODUCT_NAME = "$(TARGET_NAME)";
				SWIFT_VERSION = 4.2;
			};
			name = Debug;
		};
		91BA1D56218949440021140D /* Release */ = {
			isa = XCBuildConfiguration;
			buildSettings = {
				CODE_SIGN_STYLE = Automatic;
				COMBINE_HIDPI_IMAGES = YES;
				INFOPLIST_FILE = Test/Info.plist;
				LD_RUNPATH_SEARCH_PATHS = (
					"$(inherited)",
					"@executable_path/../Frameworks",
					"@loader_path/../Frameworks",
				);
				PRODUCT_BUNDLE_IDENTIFIER = com.doug.AsyncCancellationTest;
				PRODUCT_NAME = "$(TARGET_NAME)";
				SWIFT_VERSION = 4.2;
			};
			name = Release;
		};
/* End XCBuildConfiguration section */

/* Begin XCConfigurationList section */
		91BA1D3C218949250021140D /* Build configuration list for PBXProject "AsyncCancellation" */ = {
			isa = XCConfigurationList;
			buildConfigurations = (
				91BA1D46218949250021140D /* Debug */,
				91BA1D47218949250021140D /* Release */,
			);
			defaultConfigurationIsVisible = 0;
			defaultConfigurationName = Release;
		};
		91BA1D48218949250021140D /* Build configuration list for PBXNativeTarget "AsyncCancellation" */ = {
			isa = XCConfigurationList;
			buildConfigurations = (
				91BA1D49218949250021140D /* Debug */,
				91BA1D4A218949250021140D /* Release */,
			);
			defaultConfigurationIsVisible = 0;
			defaultConfigurationName = Release;
		};
		91BA1D54218949440021140D /* Build configuration list for PBXNativeTarget "AsyncCancellationTest" */ = {
			isa = XCConfigurationList;
			buildConfigurations = (
				91BA1D55218949440021140D /* Debug */,
				91BA1D56218949440021140D /* Release */,
			);
			defaultConfigurationIsVisible = 0;
			defaultConfigurationName = Release;
		};
/* End XCConfigurationList section */
	};
	rootObject = 91BA1D39218949250021140D /* Project object */;
}
